
Microsoft Visual Studio Solution File, Format Version 12.00
# Visual Studio Version 17
VisualStudioVersion = 17.5.33424.131
MinimumVisualStudioVersion = 10.0.40219.1
Project("{2150E333-8FDC-42A3-9474-1A3956D46DE8}") = "Domain", "Domain", "{A754EF9A-23AB-47D3-9FFE-4F34D9CB644E}"
EndProject
Project("{9A19103F-16F7-4668-BE54-9A1E7A4F7556}") = "Domain", "Domain\Domain.csproj", "{BD9E9DAD-68A7-49E6-8269-2D758DE37334}"
EndProject
Project("{2150E333-8FDC-42A3-9474-1A3956D46DE8}") = "Infrastructure", "Infrastructure", "{B9C01DED-2F30-4676-8BB3-163E09E08AAD}"
EndProject
Project("{9A19103F-16F7-4668-BE54-9A1E7A4F7556}") = "Infrastructure", "Infrastructure\Infrastructure.csproj", "{7E418CFF-7B99-469E-B060-603A8FDDD5CC}"
EndProject
Project("{9A19103F-16F7-4668-BE54-9A1E7A4F7556}") = "HotelManagementSystem.Web", "HotelManagementSystem.Web\HotelManagementSystem.Web.csproj", "{C06FD3D9-E9CD-4AFF-B5EF-A5649ACADFB3}"
EndProject
Project("{2150E333-8FDC-42A3-9474-1A3956D46DE8}") = "Application", "Application", "{5ED5DCB0-7F66-4C15-91CD-2B1314659869}"
EndProject
Project("{FAE04EC0-301F-11D3-BF4B-00C04F79EFBC}") = "Application", "Application\Application.csproj", "{FA5898C7-4DF0-4A8C-8114-9CE8B0F27126}"
EndProject
Project("{2150E333-8FDC-42A3-9474-1A3956D46DE8}") = "src", "src", "{36137C53-DAC8-43F7-A038-DFAB17618BD6}"
EndProject
Global
	GlobalSection(SolutionConfigurationPlatforms) = preSolution
		Debug|Any CPU = Debug|Any CPU
		Release|Any CPU = Release|Any CPU
	EndGlobalSection
	GlobalSection(ProjectConfigurationPlatforms) = postSolution
		{BD9E9DAD-68A7-49E6-8269-2D758DE37334}.Debug|Any CPU.ActiveCfg = Debug|Any CPU
		{BD9E9DAD-68A7-49E6-8269-2D758DE37334}.Debug|Any CPU.Build.0 = Debug|Any CPU
		{BD9E9DAD-68A7-49E6-8269-2D758DE37334}.Release|Any CPU.ActiveCfg = Release|Any CPU
		{BD9E9DAD-68A7-49E6-8269-2D758DE37334}.Release|Any CPU.Build.0 = Release|Any CPU
		{7E418CFF-7B99-469E-B060-603A8FDDD5CC}.Debug|Any CPU.ActiveCfg = Debug|Any CPU
		{7E418CFF-7B99-469E-B060-603A8FDDD5CC}.Debug|Any CPU.Build.0 = Debug|Any CPU
		{7E418CFF-7B99-469E-B060-603A8FDDD5CC}.Release|Any CPU.ActiveCfg = Release|Any CPU
		{7E418CFF-7B99-469E-B060-603A8FDDD5CC}.Release|Any CPU.Build.0 = Release|Any CPU
		{C06FD3D9-E9CD-4AFF-B5EF-A5649ACADFB3}.Debug|Any CPU.ActiveCfg = Debug|Any CPU
		{C06FD3D9-E9CD-4AFF-B5EF-A5649ACADFB3}.Debug|Any CPU.Build.0 = Debug|Any CPU
		{C06FD3D9-E9CD-4AFF-B5EF-A5649ACADFB3}.Release|Any CPU.ActiveCfg = Release|Any CPU
		{C06FD3D9-E9CD-4AFF-B5EF-A5649ACADFB3}.Release|Any CPU.Build.0 = Release|Any CPU
		{FA5898C7-4DF0-4A8C-8114-9CE8B0F27126}.Debug|Any CPU.ActiveCfg = Debug|Any CPU
		{FA5898C7-4DF0-4A8C-8114-9CE8B0F27126}.Debug|Any CPU.Build.0 = Debug|Any CPU
		{FA5898C7-4DF0-4A8C-8114-9CE8B0F27126}.Release|Any CPU.ActiveCfg = Release|Any CPU
		{FA5898C7-4DF0-4A8C-8114-9CE8B0F27126}.Release|Any CPU.Build.0 = Release|Any CPU
	EndGlobalSection
	GlobalSection(SolutionProperties) = preSolution
		HideSolutionNode = FALSE
	EndGlobalSection
	GlobalSection(NestedProjects) = preSolution
		{A754EF9A-23AB-47D3-9FFE-4F34D9CB644E} = {36137C53-DAC8-43F7-A038-DFAB17618BD6}
		{BD9E9DAD-68A7-49E6-8269-2D758DE37334} = {A754EF9A-23AB-47D3-9FFE-4F34D9CB644E}
		{B9C01DED-2F30-4676-8BB3-163E09E08AAD} = {36137C53-DAC8-43F7-A038-DFAB17618BD6}
		{7E418CFF-7B99-469E-B060-603A8FDDD5CC} = {B9C01DED-2F30-4676-8BB3-163E09E08AAD}
		{C06FD3D9-E9CD-4AFF-B5EF-A5649ACADFB3} = {36137C53-DAC8-43F7-A038-DFAB17618BD6}
		{5ED5DCB0-7F66-4C15-91CD-2B1314659869} = {36137C53-DAC8-43F7-A038-DFAB17618BD6}
		{FA5898C7-4DF0-4A8C-8114-9CE8B0F27126} = {5ED5DCB0-7F66-4C15-91CD-2B1314659869}
	EndGlobalSection
	GlobalSection(ExtensibilityGlobals) = postSolution
		SolutionGuid = {FFA02341-5E70-4ACA-99C9-B7E9D3462A1E}
	EndGlobalSection
EndGlobal
